
Microsoft Visual Studio Solution File, Format Version 12.00
# Visual Studio 15
VisualStudioVersion = 15.0.28307.106
MinimumVisualStudioVersion = 10.0.40219.1
Project("{FAE04EC0-301F-11D3-BF4B-00C04F79EFBC}") = "AspnetCoreMvcClientDemo", "AspnetCoreMvcClientDemo\AspnetCoreMvcClientDemo.csproj", "{6433184D-67A0-412E-BF3C-06146CDFF81C}"
EndProject
Project("{FAE04EC0-301F-11D3-BF4B-00C04F79EFBC}") = "People.Data", "People.Data\People.Data.csproj", "{C46DA2E9-0014-4A30-85DA-54BA3E2A225C}"
EndProject
Global
	GlobalSection(SolutionConfigurationPlatforms) = preSolution
		Debug|Any CPU = Debug|Any CPU
		Release|Any CPU = Release|Any CPU
	EndGlobalSection
	GlobalSection(ProjectConfigurationPlatforms) = postSolution
		{6433184D-67A0-412E-BF3C-06146CDFF81C}.Debug|Any CPU.ActiveCfg = Debug|Any CPU
		{6433184D-67A0-412E-BF3C-06146CDFF81C}.Debug|Any CPU.Build.0 = Debug|Any CPU
		{6433184D-67A0-412E-BF3C-06146CDFF81C}.Release|Any CPU.ActiveCfg = Release|Any CPU
		{6433184D-67A0-412E-BF3C-06146CDFF81C}.Release|Any CPU.Build.0 = Release|Any CPU
		{C46DA2E9-0014-4A30-85DA-54BA3E2A225C}.Debug|Any CPU.ActiveCfg = Debug|Any CPU
		{C46DA2E9-0014-4A30-85DA-54BA3E2A225C}.Debug|Any CPU.Build.0 = Debug|Any CPU
		{C46DA2E9-0014-4A30-85DA-54BA3E2A225C}.Release|Any CPU.ActiveCfg = Release|Any CPU
		{C46DA2E9-0014-4A30-85DA-54BA3E2A225C}.Release|Any CPU.Build.0 = Release|Any CPU
	EndGlobalSection
	GlobalSection(SolutionProperties) = preSolution
		HideSolutionNode = FALSE
	EndGlobalSection
	GlobalSection(ExtensibilityGlobals) = postSolution
		SolutionGuid = {7DA84036-1810-46A7-B62D-6B9259302FB4}
	EndGlobalSection
EndGlobal
